
Microsoft Visual Studio Solution File, Format Version 12.00
# Visual Studio Version 17
VisualStudioVersion = 17.3.32922.545
MinimumVisualStudioVersion = 10.0.40219.1
Project("{FAE04EC0-301F-11D3-BF4B-00C04F79EFBC}") = "ALICE", "ALICE.csproj", "{AE179E5E-4830-4AF9-80E3-A15EF41AC4E1}"
EndProject
Global
	GlobalSection(SolutionConfigurationPlatforms) = preSolution
		Debug|Any CPU = Debug|Any CPU
		Release|Any CPU = Release|Any CPU
	EndGlobalSection
	GlobalSection(ProjectConfigurationPlatforms) = postSolution
		{AE179E5E-4830-4AF9-80E3-A15EF41AC4E1}.Debug|Any CPU.ActiveCfg = Debug|Any CPU
		{AE179E5E-4830-4AF9-80E3-A15EF41AC4E1}.Debug|Any CPU.Build.0 = Debug|Any CPU
		{AE179E5E-4830-4AF9-80E3-A15EF41AC4E1}.Release|Any CPU.ActiveCfg = Release|Any CPU
		{AE179E5E-4830-4AF9-80E3-A15EF41AC4E1}.Release|Any CPU.Build.0 = Release|Any CPU
	EndGlobalSection
	GlobalSection(SolutionProperties) = preSolution
		HideSolutionNode = FALSE
	EndGlobalSection
	GlobalSection(ExtensibilityGlobals) = postSolution
		SolutionGuid = {2B1670D5-D6B3-4BF6-AD29-AD587C87B6BC}
	EndGlobalSection
EndGlobal
